
Microsoft Visual Studio Solution File, Format Version 12.00
# Visual Studio 14
VisualStudioVersion = 14.0.25420.1
MinimumVisualStudioVersion = 10.0.40219.1
Project("{2150E333-8FDC-42A3-9474-1A3956D46DE8}") = "01 kintamieji", "01 kintamieji", "{68B55D26-4BC1-4F26-8789-8B9FE388D1A7}"
EndProject
Project("{2150E333-8FDC-42A3-9474-1A3956D46DE8}") = "02 isvedimai", "02 isvedimai", "{783C3CF3-19CA-4E23-AEF7-1457C9FA7E0F}"
EndProject
Project("{2150E333-8FDC-42A3-9474-1A3956D46DE8}") = "03 aritmetiniai veiksmai", "03 aritmetiniai veiksmai", "{72DAF7F2-7803-468E-97DC-65CE93B7E08B}"
EndProject
Project("{FAE04EC0-301F-11D3-BF4B-00C04F79EFBC}") = "01-1", "01-1\01-1.csproj", "{D0798F79-2219-4470-AB6B-52B7F0948BFE}"
EndProject
Project("{FAE04EC0-301F-11D3-BF4B-00C04F79EFBC}") = "02-1", "02-1\02-1.csproj", "{4F359529-4AC0-4BA5-AE29-E8AB6D187116}"
EndProject
Project("{FAE04EC0-301F-11D3-BF4B-00C04F79EFBC}") = "02-4", "02-4\02-4.csproj", "{2B0321C0-41B0-4203-9E1C-4866CFDFAC2C}"
EndProject
Project("{FAE04EC0-301F-11D3-BF4B-00C04F79EFBC}") = "02-5", "02-5\02-5.csproj", "{61850615-295D-4CE0-8FC6-18C902C4EAD6}"
EndProject
Project("{FAE04EC0-301F-11D3-BF4B-00C04F79EFBC}") = "02-6", "02-6\02-6.csproj", "{D5D936BD-3820-434A-A67E-F2DBB2177136}"
EndProject
Project("{FAE04EC0-301F-11D3-BF4B-00C04F79EFBC}") = "03-1", "03-1\03-1.csproj", "{73F9166E-9740-4E34-A7D3-1C684B50C41E}"
EndProject
Project("{FAE04EC0-301F-11D3-BF4B-00C04F79EFBC}") = "03-2", "03-2\03-2.csproj", "{86ACA843-1324-4CE2-A19D-075FA73EF1FB}"
EndProject
Project("{FAE04EC0-301F-11D3-BF4B-00C04F79EFBC}") = "03-3", "03-3\03-3.csproj", "{F95042A8-0502-4150-899D-E479DED004BD}"
EndProject
Project("{FAE04EC0-301F-11D3-BF4B-00C04F79EFBC}") = "03-04", "03-04\03-04.csproj", "{4B76ACB7-6E4D-4B13-95A7-783D29D450A0}"
EndProject
Project("{FAE04EC0-301F-11D3-BF4B-00C04F79EFBC}") = "03-05", "03-05\03-05.csproj", "{231B9F04-0455-4821-B22E-DEC31C122BA0}"
EndProject
Project("{FAE04EC0-301F-11D3-BF4B-00C04F79EFBC}") = "03-06", "03-06\03-06.csproj", "{36CAC311-7490-459B-B082-4EDC9F5D955B}"
EndProject
Project("{2150E333-8FDC-42A3-9474-1A3956D46DE8}") = "04 ivedimai", "04 ivedimai", "{EFC285B7-0758-42BB-990A-1A72C52A0E77}"
EndProject
Project("{FAE04EC0-301F-11D3-BF4B-00C04F79EFBC}") = "04-1", "04-1\04-1.csproj", "{ABF7AF48-9F3E-4E9C-ACAE-34A14ED51641}"
EndProject
Project("{FAE04EC0-301F-11D3-BF4B-00C04F79EFBC}") = "04-2", "04-2\04-2.csproj", "{E270D1C7-994B-44A4-ABF0-AEA2B10E10FA}"
EndProject
Project("{FAE04EC0-301F-11D3-BF4B-00C04F79EFBC}") = "04-3", "04-3\04-3.csproj", "{A203C6A4-8C24-419D-AE5E-9B1E3935EDE5}"
EndProject
Project("{2150E333-8FDC-42A3-9474-1A3956D46DE8}") = "05 if salyga", "05 if salyga", "{C82E6D7F-6632-446C-8551-6144BCD216D2}"
EndProject
Project("{FAE04EC0-301F-11D3-BF4B-00C04F79EFBC}") = "05-1", "05-1\05-1.csproj", "{EEC6AE97-1498-47BC-9AB4-89FCF38D6EDD}"
EndProject
Project("{FAE04EC0-301F-11D3-BF4B-00C04F79EFBC}") = "05-2", "05-2\05-2.csproj", "{E1F0E622-0899-42FB-830E-5EAAF5664DAC}"
EndProject
Project("{FAE04EC0-301F-11D3-BF4B-00C04F79EFBC}") = "05-3", "05-3\05-3.csproj", "{135CB32D-4C89-4B05-AF85-5C686D2C466B}"
EndProject
Project("{FAE04EC0-301F-11D3-BF4B-00C04F79EFBC}") = "05-4", "05-4\05-4.csproj", "{7C7C0CBE-B0AF-4E69-A789-B0E5D327EB50}"
EndProject
Project("{2150E333-8FDC-42A3-9474-1A3956D46DE8}") = "06 elseif salyga", "06 elseif salyga", "{BCD6F1E9-F26F-4872-A1D8-63650F15817A}"
EndProject
Project("{FAE04EC0-301F-11D3-BF4B-00C04F79EFBC}") = "06-1", "06-1\06-1.csproj", "{7B55FF51-E898-4885-B92B-53313FA95578}"
EndProject
Project("{FAE04EC0-301F-11D3-BF4B-00C04F79EFBC}") = "06-2", "06-2\06-2.csproj", "{41953E1F-7E27-4E18-9087-B67FF1E0B005}"
EndProject
Project("{2150E333-8FDC-42A3-9474-1A3956D46DE8}") = "07 else salyga", "07 else salyga", "{8278E5AD-D0F5-44B6-94CF-EBE065BA5336}"
EndProject
Project("{FAE04EC0-301F-11D3-BF4B-00C04F79EFBC}") = "07-1", "07-1\07-1.csproj", "{727AAC88-7E35-4FA6-A679-198624AB70AC}"
EndProject
Project("{2150E333-8FDC-42A3-9474-1A3956D46DE8}") = "08 patikrinimo operatoriai", "08 patikrinimo operatoriai", "{DB7D3079-1261-4389-99FC-791DB859674D}"
EndProject
Project("{FAE04EC0-301F-11D3-BF4B-00C04F79EFBC}") = "08-1", "08-1\08-1.csproj", "{37911C89-C577-4C4A-8C1E-9F1BD8AE7BC1}"
EndProject
Project("{FAE04EC0-301F-11D3-BF4B-00C04F79EFBC}") = "08-2", "08-2\08-2.csproj", "{A82BCAA3-9DF6-43BB-9FAE-BA9BD988D941}"
EndProject
Project("{2150E333-8FDC-42A3-9474-1A3956D46DE8}") = "09 switch salyga", "09 switch salyga", "{829872C2-7C6C-4A8B-998C-F126EFB490EA}"
EndProject
Project("{FAE04EC0-301F-11D3-BF4B-00C04F79EFBC}") = "09-1", "09-1\09-1.csproj", "{8A72B16B-6711-4648-9D3A-DB4AEDEC2E6C}"
EndProject
Project("{2150E333-8FDC-42A3-9474-1A3956D46DE8}") = "tarpine uzduotis", "tarpine uzduotis", "{30F312ED-C7A7-4B4A-8DB9-7EB505CD9106}"
EndProject
Project("{FAE04EC0-301F-11D3-BF4B-00C04F79EFBC}") = "ConsoleApp5", "ConsoleApp5\ConsoleApp5.csproj", "{0888F311-B0B9-40BC-AC96-D425E2B1B791}"
EndProject
Project("{2150E333-8FDC-42A3-9474-1A3956D46DE8}") = "10 ciklas for", "10 ciklas for", "{036B19F9-2873-489A-A2E1-E16BF386555B}"
EndProject
Project("{FAE04EC0-301F-11D3-BF4B-00C04F79EFBC}") = "for pavyzdiai", "for pavyzdiai\for pavyzdiai.csproj", "{4CE7B5CF-F9FD-4474-90DA-5F01C9490CDB}"
EndProject
Project("{FAE04EC0-301F-11D3-BF4B-00C04F79EFBC}") = "10-1", "10-1\10-1.csproj", "{D55746A0-F5AA-4603-94A2-0CEC8868379D}"
EndProject
Project("{FAE04EC0-301F-11D3-BF4B-00C04F79EFBC}") = "10-2", "10-2\10-2.csproj", "{D851D90F-31B6-4F1E-AE19-F6790542A57A}"
EndProject
Project("{FAE04EC0-301F-11D3-BF4B-00C04F79EFBC}") = "10-3", "10-3\10-3.csproj", "{7B9991D3-506C-46B0-8255-DF5469894D27}"
EndProject
Project("{FAE04EC0-301F-11D3-BF4B-00C04F79EFBC}") = "10-4", "10-4\10-4.csproj", "{DAD810CA-39C2-49B2-A5FB-EAA2D15E71D9}"
EndProject
Project("{FAE04EC0-301F-11D3-BF4B-00C04F79EFBC}") = "10-5", "10-5\10-5.csproj", "{17AFC755-875F-415B-89C8-72CF3733802E}"
EndProject
Project("{FAE04EC0-301F-11D3-BF4B-00C04F79EFBC}") = "10-6", "10-6\10-6.csproj", "{9BE1DAEE-5F7C-4DBC-AAD1-57F6E6896DB5}"
EndProject
Project("{FAE04EC0-301F-11D3-BF4B-00C04F79EFBC}") = "10-7", "10-7\10-7.csproj", "{B9B31AEB-BD56-4C29-A511-A6EEA4E72C2F}"
EndProject
Project("{FAE04EC0-301F-11D3-BF4B-00C04F79EFBC}") = "10-8", "10-8\10-8.csproj", "{A6CA1B94-C5ED-4826-93BA-DE6058FE9E56}"
EndProject
Project("{FAE04EC0-301F-11D3-BF4B-00C04F79EFBC}") = "10-9", "10-9\10-9.csproj", "{71D6D4DE-5554-4BA1-9C08-6F5D075C6CD2}"
EndProject
Project("{FAE04EC0-301F-11D3-BF4B-00C04F79EFBC}") = "10-10", "10-10\10-10.csproj", "{BE4D6A63-C3F1-4919-86CC-A6F28615299A}"
EndProject
Project("{FAE04EC0-301F-11D3-BF4B-00C04F79EFBC}") = "10-11", "10-11\10-11.csproj", "{C284100F-C2A0-4664-9E77-66FDAEDE860C}"
EndProject
Project("{FAE04EC0-301F-11D3-BF4B-00C04F79EFBC}") = "10-12", "10-12\10-12.csproj", "{8F1C62F9-B7C2-421B-908E-178ACEAC89D9}"
EndProject
Project("{FAE04EC0-301F-11D3-BF4B-00C04F79EFBC}") = "10-13", "10-13\10-13.csproj", "{191C8640-7C4C-4FD1-9483-345F68C088E5}"
EndProject
Project("{2150E333-8FDC-42A3-9474-1A3956D46DE8}") = "11 ciklas while", "11 ciklas while", "{B338F956-C821-4125-82BD-4A2AFAA18DA3}"
EndProject
Project("{FAE04EC0-301F-11D3-BF4B-00C04F79EFBC}") = "11-1", "11-1\11-1.csproj", "{C527FBC2-FE32-47A8-93EF-F5A5AEE01D1D}"
EndProject
Project("{FAE04EC0-301F-11D3-BF4B-00C04F79EFBC}") = "11-2", "11-2\11-2.csproj", "{5E847FAA-60C2-4874-9D6C-70555AD728A9}"
EndProject
Project("{FAE04EC0-301F-11D3-BF4B-00C04F79EFBC}") = "11-3", "11-3\11-3.csproj", "{03E63E96-3368-4045-A773-EDC5F27B3E70}"
EndProject
Project("{FAE04EC0-301F-11D3-BF4B-00C04F79EFBC}") = "11-4", "11-4\11-4.csproj", "{03D24F83-AB4A-495A-AE9D-490D58B842F8}"
EndProject
Project("{FAE04EC0-301F-11D3-BF4B-00C04F79EFBC}") = "11-5", "11-5\11-5.csproj", "{8044A338-EB59-4EBD-96FD-FEE90EB9F5D1}"
EndProject
Project("{FAE04EC0-301F-11D3-BF4B-00C04F79EFBC}") = "11-6", "11-6\11-6.csproj", "{4684C8A1-4BC1-4BCC-9762-0C7BE83CD0BC}"
EndProject
Project("{FAE04EC0-301F-11D3-BF4B-00C04F79EFBC}") = "random class pvz", "random class pvz\random class pvz.csproj", "{8B739DFC-4EA8-4AE3-9A52-C5F35D6EC8A2}"
EndProject
Project("{FAE04EC0-301F-11D3-BF4B-00C04F79EFBC}") = "Do while pvz", "Do while pvz\Do while pvz.csproj", "{26B7E2B3-0A5D-48DB-A317-C21C6136A099}"
EndProject
Project("{FAE04EC0-301F-11D3-BF4B-00C04F79EFBC}") = "tarpine 1", "tarpine 1\tarpine 1.csproj", "{F284CAB6-920C-44FF-9485-7F5A2FDB440A}"
EndProject
Project("{2150E333-8FDC-42A3-9474-1A3956D46DE8}") = "12 masyvai", "12 masyvai", "{9CE06B23-17EC-48D8-A1F9-60D7F39BC82E}"
EndProject
Project("{FAE04EC0-301F-11D3-BF4B-00C04F79EFBC}") = "masyvu pvz", "12-1\masyvu pvz.csproj", "{AEAD4073-4DA1-4190-A65A-19F4595716F8}"
EndProject
Project("{2150E333-8FDC-42A3-9474-1A3956D46DE8}") = "13 metodai", "13 metodai", "{D51D8357-CB54-4042-BFA4-10650ED84902}"
EndProject
Project("{FAE04EC0-301F-11D3-BF4B-00C04F79EFBC}") = "metodu pvz", "metodu pvz\metodu pvz.csproj", "{A38D2BE6-FBB8-4BE2-8955-DCCA3F35D25B}"
EndProject
Project("{FAE04EC0-301F-11D3-BF4B-00C04F79EFBC}") = "metodu pvz2", "metodu pvz2\metodu pvz2.csproj", "{F95649D5-D251-45D6-922A-614D81A7A133}"
EndProject
Project("{FAE04EC0-301F-11D3-BF4B-00C04F79EFBC}") = "savaraskiska uzduotis", "savaraskiska uzduotis\savaraskiska uzduotis.csproj", "{95C50D8A-7216-457F-9857-1686B0C6831C}"
EndProject
Project("{FAE04EC0-301F-11D3-BF4B-00C04F79EFBC}") = "uzduotis su ref", "uzduotis\uzduotis su ref.csproj", "{82CC2B78-769D-40CB-A7C8-EEDCEAFAFA9F}"
EndProject
Project("{2150E333-8FDC-42A3-9474-1A3956D46DE8}") = "14 klases", "14 klases", "{EFDF128D-EB97-493E-8DB3-D6F41D4D9AB3}"
EndProject
Project("{FAE04EC0-301F-11D3-BF4B-00C04F79EFBC}") = "Klasiu pvz", "Klasiu pvz\Klasiu pvz.csproj", "{2D86D630-3D0B-48AA-85FB-658EE306D69D}"
EndProject
Project("{FAE04EC0-301F-11D3-BF4B-00C04F79EFBC}") = "Seima", "Seima\Seima.csproj", "{7662924B-77B8-4023-AE96-3434804E9691}"
EndProject
Project("{FAE04EC0-301F-11D3-BF4B-00C04F79EFBC}") = "Garazas", "Garazas\Garazas.csproj", "{CD46C41D-1595-46AD-ADE0-9071C307EFF6}"
EndProject
Project("{FAE04EC0-301F-11D3-BF4B-00C04F79EFBC}") = "Studentai", "Studentai\Studentai.csproj", "{123E5F23-0621-4F71-A2B9-58F62A8727B1}"
EndProject
Project("{2150E333-8FDC-42A3-9474-1A3956D46DE8}") = "15 gui", "15 gui", "{22A6BE9A-CD0F-40F4-A21F-45C3AD546195}"
EndProject
Project("{FAE04EC0-301F-11D3-BF4B-00C04F79EFBC}") = "15-01 pradmenys", "15-01 pradmenys\15-01 pradmenys.csproj", "{8D4CA1CE-961F-40EB-8A48-4E46AE6A295F}"
EndProject
Project("{FAE04EC0-301F-11D3-BF4B-00C04F79EFBC}") = "GUI Uzduotis 1", "GUI Uzduotis 1\GUI Uzduotis 1.csproj", "{7A58C411-1B71-4A3E-9F73-2DD854BB9851}"
EndProject
Project("{FAE04EC0-301F-11D3-BF4B-00C04F79EFBC}") = "GUI Uzduotis 2", "GUI Uzduotis 2\GUI Uzduotis 2.csproj", "{0DAEE6DB-5A15-4147-AF80-F8DA6A2A600A}"
EndProject
Project("{FAE04EC0-301F-11D3-BF4B-00C04F79EFBC}") = "temporary", "temporary\temporary.csproj", "{6C1A5D68-2669-45D9-A347-2D1EE6D37583}"
EndProject
Project("{FAE04EC0-301F-11D3-BF4B-00C04F79EFBC}") = "GUI Uzduotis 3(savarankiska)", "GUI Uzduotis 3(savarankiska)\GUI Uzduotis 3(savarankiska).csproj", "{B64A74B9-38D9-45BC-B8A4-74AEAD2B64E1}"
EndProject
Global
	GlobalSection(SolutionConfigurationPlatforms) = preSolution
		Debug|Any CPU = Debug|Any CPU
		Release|Any CPU = Release|Any CPU
	EndGlobalSection
	GlobalSection(ProjectConfigurationPlatforms) = postSolution
		{D0798F79-2219-4470-AB6B-52B7F0948BFE}.Debug|Any CPU.ActiveCfg = Debug|Any CPU
		{D0798F79-2219-4470-AB6B-52B7F0948BFE}.Debug|Any CPU.Build.0 = Debug|Any CPU
		{D0798F79-2219-4470-AB6B-52B7F0948BFE}.Release|Any CPU.ActiveCfg = Release|Any CPU
		{D0798F79-2219-4470-AB6B-52B7F0948BFE}.Release|Any CPU.Build.0 = Release|Any CPU
		{4F359529-4AC0-4BA5-AE29-E8AB6D187116}.Debug|Any CPU.ActiveCfg = Debug|Any CPU
		{4F359529-4AC0-4BA5-AE29-E8AB6D187116}.Debug|Any CPU.Build.0 = Debug|Any CPU
		{4F359529-4AC0-4BA5-AE29-E8AB6D187116}.Release|Any CPU.ActiveCfg = Release|Any CPU
		{4F359529-4AC0-4BA5-AE29-E8AB6D187116}.Release|Any CPU.Build.0 = Release|Any CPU
		{2B0321C0-41B0-4203-9E1C-4866CFDFAC2C}.Debug|Any CPU.ActiveCfg = Debug|Any CPU
		{2B0321C0-41B0-4203-9E1C-4866CFDFAC2C}.Debug|Any CPU.Build.0 = Debug|Any CPU
		{2B0321C0-41B0-4203-9E1C-4866CFDFAC2C}.Release|Any CPU.ActiveCfg = Release|Any CPU
		{2B0321C0-41B0-4203-9E1C-4866CFDFAC2C}.Release|Any CPU.Build.0 = Release|Any CPU
		{61850615-295D-4CE0-8FC6-18C902C4EAD6}.Debug|Any CPU.ActiveCfg = Debug|Any CPU
		{61850615-295D-4CE0-8FC6-18C902C4EAD6}.Debug|Any CPU.Build.0 = Debug|Any CPU
		{61850615-295D-4CE0-8FC6-18C902C4EAD6}.Release|Any CPU.ActiveCfg = Release|Any CPU
		{61850615-295D-4CE0-8FC6-18C902C4EAD6}.Release|Any CPU.Build.0 = Release|Any CPU
		{D5D936BD-3820-434A-A67E-F2DBB2177136}.Debug|Any CPU.ActiveCfg = Debug|Any CPU
		{D5D936BD-3820-434A-A67E-F2DBB2177136}.Debug|Any CPU.Build.0 = Debug|Any CPU
		{D5D936BD-3820-434A-A67E-F2DBB2177136}.Release|Any CPU.ActiveCfg = Release|Any CPU
		{D5D936BD-3820-434A-A67E-F2DBB2177136}.Release|Any CPU.Build.0 = Release|Any CPU
		{73F9166E-9740-4E34-A7D3-1C684B50C41E}.Debug|Any CPU.ActiveCfg = Debug|Any CPU
		{73F9166E-9740-4E34-A7D3-1C684B50C41E}.Debug|Any CPU.Build.0 = Debug|Any CPU
		{73F9166E-9740-4E34-A7D3-1C684B50C41E}.Release|Any CPU.ActiveCfg = Release|Any CPU
		{73F9166E-9740-4E34-A7D3-1C684B50C41E}.Release|Any CPU.Build.0 = Release|Any CPU
		{86ACA843-1324-4CE2-A19D-075FA73EF1FB}.Debug|Any CPU.ActiveCfg = Debug|Any CPU
		{86ACA843-1324-4CE2-A19D-075FA73EF1FB}.Debug|Any CPU.Build.0 = Debug|Any CPU
		{86ACA843-1324-4CE2-A19D-075FA73EF1FB}.Release|Any CPU.ActiveCfg = Release|Any CPU
		{86ACA843-1324-4CE2-A19D-075FA73EF1FB}.Release|Any CPU.Build.0 = Release|Any CPU
		{F95042A8-0502-4150-899D-E479DED004BD}.Debug|Any CPU.ActiveCfg = Debug|Any CPU
		{F95042A8-0502-4150-899D-E479DED004BD}.Debug|Any CPU.Build.0 = Debug|Any CPU
		{F95042A8-0502-4150-899D-E479DED004BD}.Release|Any CPU.ActiveCfg = Release|Any CPU
		{F95042A8-0502-4150-899D-E479DED004BD}.Release|Any CPU.Build.0 = Release|Any CPU
		{4B76ACB7-6E4D-4B13-95A7-783D29D450A0}.Debug|Any CPU.ActiveCfg = Debug|Any CPU
		{4B76ACB7-6E4D-4B13-95A7-783D29D450A0}.Debug|Any CPU.Build.0 = Debug|Any CPU
		{4B76ACB7-6E4D-4B13-95A7-783D29D450A0}.Release|Any CPU.ActiveCfg = Release|Any CPU
		{4B76ACB7-6E4D-4B13-95A7-783D29D450A0}.Release|Any CPU.Build.0 = Release|Any CPU
		{231B9F04-0455-4821-B22E-DEC31C122BA0}.Debug|Any CPU.ActiveCfg = Debug|Any CPU
		{231B9F04-0455-4821-B22E-DEC31C122BA0}.Debug|Any CPU.Build.0 = Debug|Any CPU
		{231B9F04-0455-4821-B22E-DEC31C122BA0}.Release|Any CPU.ActiveCfg = Release|Any CPU
		{231B9F04-0455-4821-B22E-DEC31C122BA0}.Release|Any CPU.Build.0 = Release|Any CPU
		{36CAC311-7490-459B-B082-4EDC9F5D955B}.Debug|Any CPU.ActiveCfg = Debug|Any CPU
		{36CAC311-7490-459B-B082-4EDC9F5D955B}.Debug|Any CPU.Build.0 = Debug|Any CPU
		{36CAC311-7490-459B-B082-4EDC9F5D955B}.Release|Any CPU.ActiveCfg = Release|Any CPU
		{36CAC311-7490-459B-B082-4EDC9F5D955B}.Release|Any CPU.Build.0 = Release|Any CPU
		{ABF7AF48-9F3E-4E9C-ACAE-34A14ED51641}.Debug|Any CPU.ActiveCfg = Debug|Any CPU
		{ABF7AF48-9F3E-4E9C-ACAE-34A14ED51641}.Debug|Any CPU.Build.0 = Debug|Any CPU
		{ABF7AF48-9F3E-4E9C-ACAE-34A14ED51641}.Release|Any CPU.ActiveCfg = Release|Any CPU
		{ABF7AF48-9F3E-4E9C-ACAE-34A14ED51641}.Release|Any CPU.Build.0 = Release|Any CPU
		{E270D1C7-994B-44A4-ABF0-AEA2B10E10FA}.Debug|Any CPU.ActiveCfg = Debug|Any CPU
		{E270D1C7-994B-44A4-ABF0-AEA2B10E10FA}.Debug|Any CPU.Build.0 = Debug|Any CPU
		{E270D1C7-994B-44A4-ABF0-AEA2B10E10FA}.Release|Any CPU.ActiveCfg = Release|Any CPU
		{E270D1C7-994B-44A4-ABF0-AEA2B10E10FA}.Release|Any CPU.Build.0 = Release|Any CPU
		{A203C6A4-8C24-419D-AE5E-9B1E3935EDE5}.Debug|Any CPU.ActiveCfg = Debug|Any CPU
		{A203C6A4-8C24-419D-AE5E-9B1E3935EDE5}.Debug|Any CPU.Build.0 = Debug|Any CPU
		{A203C6A4-8C24-419D-AE5E-9B1E3935EDE5}.Release|Any CPU.ActiveCfg = Release|Any CPU
		{A203C6A4-8C24-419D-AE5E-9B1E3935EDE5}.Release|Any CPU.Build.0 = Release|Any CPU
		{EEC6AE97-1498-47BC-9AB4-89FCF38D6EDD}.Debug|Any CPU.ActiveCfg = Debug|Any CPU
		{EEC6AE97-1498-47BC-9AB4-89FCF38D6EDD}.Debug|Any CPU.Build.0 = Debug|Any CPU
		{EEC6AE97-1498-47BC-9AB4-89FCF38D6EDD}.Release|Any CPU.ActiveCfg = Release|Any CPU
		{EEC6AE97-1498-47BC-9AB4-89FCF38D6EDD}.Release|Any CPU.Build.0 = Release|Any CPU
		{E1F0E622-0899-42FB-830E-5EAAF5664DAC}.Debug|Any CPU.ActiveCfg = Debug|Any CPU
		{E1F0E622-0899-42FB-830E-5EAAF5664DAC}.Debug|Any CPU.Build.0 = Debug|Any CPU
		{E1F0E622-0899-42FB-830E-5EAAF5664DAC}.Release|Any CPU.ActiveCfg = Release|Any CPU
		{E1F0E622-0899-42FB-830E-5EAAF5664DAC}.Release|Any CPU.Build.0 = Release|Any CPU
		{135CB32D-4C89-4B05-AF85-5C686D2C466B}.Debug|Any CPU.ActiveCfg = Debug|Any CPU
		{135CB32D-4C89-4B05-AF85-5C686D2C466B}.Debug|Any CPU.Build.0 = Debug|Any CPU
		{135CB32D-4C89-4B05-AF85-5C686D2C466B}.Release|Any CPU.ActiveCfg = Release|Any CPU
		{135CB32D-4C89-4B05-AF85-5C686D2C466B}.Release|Any CPU.Build.0 = Release|Any CPU
		{7C7C0CBE-B0AF-4E69-A789-B0E5D327EB50}.Debug|Any CPU.ActiveCfg = Debug|Any CPU
		{7C7C0CBE-B0AF-4E69-A789-B0E5D327EB50}.Debug|Any CPU.Build.0 = Debug|Any CPU
		{7C7C0CBE-B0AF-4E69-A789-B0E5D327EB50}.Release|Any CPU.ActiveCfg = Release|Any CPU
		{7C7C0CBE-B0AF-4E69-A789-B0E5D327EB50}.Release|Any CPU.Build.0 = Release|Any CPU
		{7B55FF51-E898-4885-B92B-53313FA95578}.Debug|Any CPU.ActiveCfg = Debug|Any CPU
		{7B55FF51-E898-4885-B92B-53313FA95578}.Debug|Any CPU.Build.0 = Debug|Any CPU
		{7B55FF51-E898-4885-B92B-53313FA95578}.Release|Any CPU.ActiveCfg = Release|Any CPU
		{7B55FF51-E898-4885-B92B-53313FA95578}.Release|Any CPU.Build.0 = Release|Any CPU
		{41953E1F-7E27-4E18-9087-B67FF1E0B005}.Debug|Any CPU.ActiveCfg = Debug|Any CPU
		{41953E1F-7E27-4E18-9087-B67FF1E0B005}.Debug|Any CPU.Build.0 = Debug|Any CPU
		{41953E1F-7E27-4E18-9087-B67FF1E0B005}.Release|Any CPU.ActiveCfg = Release|Any CPU
		{41953E1F-7E27-4E18-9087-B67FF1E0B005}.Release|Any CPU.Build.0 = Release|Any CPU
		{727AAC88-7E35-4FA6-A679-198624AB70AC}.Debug|Any CPU.ActiveCfg = Debug|Any CPU
		{727AAC88-7E35-4FA6-A679-198624AB70AC}.Debug|Any CPU.Build.0 = Debug|Any CPU
		{727AAC88-7E35-4FA6-A679-198624AB70AC}.Release|Any CPU.ActiveCfg = Release|Any CPU
		{727AAC88-7E35-4FA6-A679-198624AB70AC}.Release|Any CPU.Build.0 = Release|Any CPU
		{37911C89-C577-4C4A-8C1E-9F1BD8AE7BC1}.Debug|Any CPU.ActiveCfg = Debug|Any CPU
		{37911C89-C577-4C4A-8C1E-9F1BD8AE7BC1}.Debug|Any CPU.Build.0 = Debug|Any CPU
		{37911C89-C577-4C4A-8C1E-9F1BD8AE7BC1}.Release|Any CPU.ActiveCfg = Release|Any CPU
		{37911C89-C577-4C4A-8C1E-9F1BD8AE7BC1}.Release|Any CPU.Build.0 = Release|Any CPU
		{A82BCAA3-9DF6-43BB-9FAE-BA9BD988D941}.Debug|Any CPU.ActiveCfg = Debug|Any CPU
		{A82BCAA3-9DF6-43BB-9FAE-BA9BD988D941}.Debug|Any CPU.Build.0 = Debug|Any CPU
		{A82BCAA3-9DF6-43BB-9FAE-BA9BD988D941}.Release|Any CPU.ActiveCfg = Release|Any CPU
		{A82BCAA3-9DF6-43BB-9FAE-BA9BD988D941}.Release|Any CPU.Build.0 = Release|Any CPU
		{8A72B16B-6711-4648-9D3A-DB4AEDEC2E6C}.Debug|Any CPU.ActiveCfg = Debug|Any CPU
		{8A72B16B-6711-4648-9D3A-DB4AEDEC2E6C}.Debug|Any CPU.Build.0 = Debug|Any CPU
		{8A72B16B-6711-4648-9D3A-DB4AEDEC2E6C}.Release|Any CPU.ActiveCfg = Release|Any CPU
		{8A72B16B-6711-4648-9D3A-DB4AEDEC2E6C}.Release|Any CPU.Build.0 = Release|Any CPU
		{0888F311-B0B9-40BC-AC96-D425E2B1B791}.Debug|Any CPU.ActiveCfg = Debug|Any CPU
		{0888F311-B0B9-40BC-AC96-D425E2B1B791}.Debug|Any CPU.Build.0 = Debug|Any CPU
		{0888F311-B0B9-40BC-AC96-D425E2B1B791}.Release|Any CPU.ActiveCfg = Release|Any CPU
		{0888F311-B0B9-40BC-AC96-D425E2B1B791}.Release|Any CPU.Build.0 = Release|Any CPU
		{4CE7B5CF-F9FD-4474-90DA-5F01C9490CDB}.Debug|Any CPU.ActiveCfg = Debug|Any CPU
		{4CE7B5CF-F9FD-4474-90DA-5F01C9490CDB}.Debug|Any CPU.Build.0 = Debug|Any CPU
		{4CE7B5CF-F9FD-4474-90DA-5F01C9490CDB}.Release|Any CPU.ActiveCfg = Release|Any CPU
		{4CE7B5CF-F9FD-4474-90DA-5F01C9490CDB}.Release|Any CPU.Build.0 = Release|Any CPU
		{D55746A0-F5AA-4603-94A2-0CEC8868379D}.Debug|Any CPU.ActiveCfg = Debug|Any CPU
		{D55746A0-F5AA-4603-94A2-0CEC8868379D}.Debug|Any CPU.Build.0 = Debug|Any CPU
		{D55746A0-F5AA-4603-94A2-0CEC8868379D}.Release|Any CPU.ActiveCfg = Release|Any CPU
		{D55746A0-F5AA-4603-94A2-0CEC8868379D}.Release|Any CPU.Build.0 = Release|Any CPU
		{D851D90F-31B6-4F1E-AE19-F6790542A57A}.Debug|Any CPU.ActiveCfg = Debug|Any CPU
		{D851D90F-31B6-4F1E-AE19-F6790542A57A}.Debug|Any CPU.Build.0 = Debug|Any CPU
		{D851D90F-31B6-4F1E-AE19-F6790542A57A}.Release|Any CPU.ActiveCfg = Release|Any CPU
		{D851D90F-31B6-4F1E-AE19-F6790542A57A}.Release|Any CPU.Build.0 = Release|Any CPU
		{7B9991D3-506C-46B0-8255-DF5469894D27}.Debug|Any CPU.ActiveCfg = Debug|Any CPU
		{7B9991D3-506C-46B0-8255-DF5469894D27}.Debug|Any CPU.Build.0 = Debug|Any CPU
		{7B9991D3-506C-46B0-8255-DF5469894D27}.Release|Any CPU.ActiveCfg = Release|Any CPU
		{7B9991D3-506C-46B0-8255-DF5469894D27}.Release|Any CPU.Build.0 = Release|Any CPU
		{DAD810CA-39C2-49B2-A5FB-EAA2D15E71D9}.Debug|Any CPU.ActiveCfg = Debug|Any CPU
		{DAD810CA-39C2-49B2-A5FB-EAA2D15E71D9}.Debug|Any CPU.Build.0 = Debug|Any CPU
		{DAD810CA-39C2-49B2-A5FB-EAA2D15E71D9}.Release|Any CPU.ActiveCfg = Release|Any CPU
		{DAD810CA-39C2-49B2-A5FB-EAA2D15E71D9}.Release|Any CPU.Build.0 = Release|Any CPU
		{17AFC755-875F-415B-89C8-72CF3733802E}.Debug|Any CPU.ActiveCfg = Debug|Any CPU
		{17AFC755-875F-415B-89C8-72CF3733802E}.Debug|Any CPU.Build.0 = Debug|Any CPU
		{17AFC755-875F-415B-89C8-72CF3733802E}.Release|Any CPU.ActiveCfg = Release|Any CPU
		{17AFC755-875F-415B-89C8-72CF3733802E}.Release|Any CPU.Build.0 = Release|Any CPU
		{9BE1DAEE-5F7C-4DBC-AAD1-57F6E6896DB5}.Debug|Any CPU.ActiveCfg = Debug|Any CPU
		{9BE1DAEE-5F7C-4DBC-AAD1-57F6E6896DB5}.Debug|Any CPU.Build.0 = Debug|Any CPU
		{9BE1DAEE-5F7C-4DBC-AAD1-57F6E6896DB5}.Release|Any CPU.ActiveCfg = Release|Any CPU
		{9BE1DAEE-5F7C-4DBC-AAD1-57F6E6896DB5}.Release|Any CPU.Build.0 = Release|Any CPU
		{B9B31AEB-BD56-4C29-A511-A6EEA4E72C2F}.Debug|Any CPU.ActiveCfg = Debug|Any CPU
		{B9B31AEB-BD56-4C29-A511-A6EEA4E72C2F}.Debug|Any CPU.Build.0 = Debug|Any CPU
		{B9B31AEB-BD56-4C29-A511-A6EEA4E72C2F}.Release|Any CPU.ActiveCfg = Release|Any CPU
		{B9B31AEB-BD56-4C29-A511-A6EEA4E72C2F}.Release|Any CPU.Build.0 = Release|Any CPU
		{A6CA1B94-C5ED-4826-93BA-DE6058FE9E56}.Debug|Any CPU.ActiveCfg = Debug|Any CPU
		{A6CA1B94-C5ED-4826-93BA-DE6058FE9E56}.Debug|Any CPU.Build.0 = Debug|Any CPU
		{A6CA1B94-C5ED-4826-93BA-DE6058FE9E56}.Release|Any CPU.ActiveCfg = Release|Any CPU
		{A6CA1B94-C5ED-4826-93BA-DE6058FE9E56}.Release|Any CPU.Build.0 = Release|Any CPU
		{71D6D4DE-5554-4BA1-9C08-6F5D075C6CD2}.Debug|Any CPU.ActiveCfg = Debug|Any CPU
		{71D6D4DE-5554-4BA1-9C08-6F5D075C6CD2}.Debug|Any CPU.Build.0 = Debug|Any CPU
		{71D6D4DE-5554-4BA1-9C08-6F5D075C6CD2}.Release|Any CPU.ActiveCfg = Release|Any CPU
		{71D6D4DE-5554-4BA1-9C08-6F5D075C6CD2}.Release|Any CPU.Build.0 = Release|Any CPU
		{BE4D6A63-C3F1-4919-86CC-A6F28615299A}.Debug|Any CPU.ActiveCfg = Debug|Any CPU
		{BE4D6A63-C3F1-4919-86CC-A6F28615299A}.Debug|Any CPU.Build.0 = Debug|Any CPU
		{BE4D6A63-C3F1-4919-86CC-A6F28615299A}.Release|Any CPU.ActiveCfg = Release|Any CPU
		{BE4D6A63-C3F1-4919-86CC-A6F28615299A}.Release|Any CPU.Build.0 = Release|Any CPU
		{C284100F-C2A0-4664-9E77-66FDAEDE860C}.Debug|Any CPU.ActiveCfg = Debug|Any CPU
		{C284100F-C2A0-4664-9E77-66FDAEDE860C}.Debug|Any CPU.Build.0 = Debug|Any CPU
		{C284100F-C2A0-4664-9E77-66FDAEDE860C}.Release|Any CPU.ActiveCfg = Release|Any CPU
		{C284100F-C2A0-4664-9E77-66FDAEDE860C}.Release|Any CPU.Build.0 = Release|Any CPU
		{8F1C62F9-B7C2-421B-908E-178ACEAC89D9}.Debug|Any CPU.ActiveCfg = Debug|Any CPU
		{8F1C62F9-B7C2-421B-908E-178ACEAC89D9}.Debug|Any CPU.Build.0 = Debug|Any CPU
		{8F1C62F9-B7C2-421B-908E-178ACEAC89D9}.Release|Any CPU.ActiveCfg = Release|Any CPU
		{8F1C62F9-B7C2-421B-908E-178ACEAC89D9}.Release|Any CPU.Build.0 = Release|Any CPU
		{191C8640-7C4C-4FD1-9483-345F68C088E5}.Debug|Any CPU.ActiveCfg = Debug|Any CPU
		{191C8640-7C4C-4FD1-9483-345F68C088E5}.Debug|Any CPU.Build.0 = Debug|Any CPU
		{191C8640-7C4C-4FD1-9483-345F68C088E5}.Release|Any CPU.ActiveCfg = Release|Any CPU
		{191C8640-7C4C-4FD1-9483-345F68C088E5}.Release|Any CPU.Build.0 = Release|Any CPU
		{C527FBC2-FE32-47A8-93EF-F5A5AEE01D1D}.Debug|Any CPU.ActiveCfg = Debug|Any CPU
		{C527FBC2-FE32-47A8-93EF-F5A5AEE01D1D}.Debug|Any CPU.Build.0 = Debug|Any CPU
		{C527FBC2-FE32-47A8-93EF-F5A5AEE01D1D}.Release|Any CPU.ActiveCfg = Release|Any CPU
		{C527FBC2-FE32-47A8-93EF-F5A5AEE01D1D}.Release|Any CPU.Build.0 = Release|Any CPU
		{5E847FAA-60C2-4874-9D6C-70555AD728A9}.Debug|Any CPU.ActiveCfg = Debug|Any CPU
		{5E847FAA-60C2-4874-9D6C-70555AD728A9}.Debug|Any CPU.Build.0 = Debug|Any CPU
		{5E847FAA-60C2-4874-9D6C-70555AD728A9}.Release|Any CPU.ActiveCfg = Release|Any CPU
		{5E847FAA-60C2-4874-9D6C-70555AD728A9}.Release|Any CPU.Build.0 = Release|Any CPU
		{03E63E96-3368-4045-A773-EDC5F27B3E70}.Debug|Any CPU.ActiveCfg = Debug|Any CPU
		{03E63E96-3368-4045-A773-EDC5F27B3E70}.Debug|Any CPU.Build.0 = Debug|Any CPU
		{03E63E96-3368-4045-A773-EDC5F27B3E70}.Release|Any CPU.ActiveCfg = Release|Any CPU
		{03E63E96-3368-4045-A773-EDC5F27B3E70}.Release|Any CPU.Build.0 = Release|Any CPU
		{03D24F83-AB4A-495A-AE9D-490D58B842F8}.Debug|Any CPU.ActiveCfg = Debug|Any CPU
		{03D24F83-AB4A-495A-AE9D-490D58B842F8}.Debug|Any CPU.Build.0 = Debug|Any CPU
		{03D24F83-AB4A-495A-AE9D-490D58B842F8}.Release|Any CPU.ActiveCfg = Release|Any CPU
		{03D24F83-AB4A-495A-AE9D-490D58B842F8}.Release|Any CPU.Build.0 = Release|Any CPU
		{8044A338-EB59-4EBD-96FD-FEE90EB9F5D1}.Debug|Any CPU.ActiveCfg = Debug|Any CPU
		{8044A338-EB59-4EBD-96FD-FEE90EB9F5D1}.Debug|Any CPU.Build.0 = Debug|Any CPU
		{8044A338-EB59-4EBD-96FD-FEE90EB9F5D1}.Release|Any CPU.ActiveCfg = Release|Any CPU
		{8044A338-EB59-4EBD-96FD-FEE90EB9F5D1}.Release|Any CPU.Build.0 = Release|Any CPU
		{4684C8A1-4BC1-4BCC-9762-0C7BE83CD0BC}.Debug|Any CPU.ActiveCfg = Debug|Any CPU
		{4684C8A1-4BC1-4BCC-9762-0C7BE83CD0BC}.Debug|Any CPU.Build.0 = Debug|Any CPU
		{4684C8A1-4BC1-4BCC-9762-0C7BE83CD0BC}.Release|Any CPU.ActiveCfg = Release|Any CPU
		{4684C8A1-4BC1-4BCC-9762-0C7BE83CD0BC}.Release|Any CPU.Build.0 = Release|Any CPU
		{8B739DFC-4EA8-4AE3-9A52-C5F35D6EC8A2}.Debug|Any CPU.ActiveCfg = Debug|Any CPU
		{8B739DFC-4EA8-4AE3-9A52-C5F35D6EC8A2}.Debug|Any CPU.Build.0 = Debug|Any CPU
		{8B739DFC-4EA8-4AE3-9A52-C5F35D6EC8A2}.Release|Any CPU.ActiveCfg = Release|Any CPU
		{8B739DFC-4EA8-4AE3-9A52-C5F35D6EC8A2}.Release|Any CPU.Build.0 = Release|Any CPU
		{26B7E2B3-0A5D-48DB-A317-C21C6136A099}.Debug|Any CPU.ActiveCfg = Debug|Any CPU
		{26B7E2B3-0A5D-48DB-A317-C21C6136A099}.Debug|Any CPU.Build.0 = Debug|Any CPU
		{26B7E2B3-0A5D-48DB-A317-C21C6136A099}.Release|Any CPU.ActiveCfg = Release|Any CPU
		{26B7E2B3-0A5D-48DB-A317-C21C6136A099}.Release|Any CPU.Build.0 = Release|Any CPU
		{F284CAB6-920C-44FF-9485-7F5A2FDB440A}.Debug|Any CPU.ActiveCfg = Debug|Any CPU
		{F284CAB6-920C-44FF-9485-7F5A2FDB440A}.Debug|Any CPU.Build.0 = Debug|Any CPU
		{F284CAB6-920C-44FF-9485-7F5A2FDB440A}.Release|Any CPU.ActiveCfg = Release|Any CPU
		{F284CAB6-920C-44FF-9485-7F5A2FDB440A}.Release|Any CPU.Build.0 = Release|Any CPU
		{AEAD4073-4DA1-4190-A65A-19F4595716F8}.Debug|Any CPU.ActiveCfg = Debug|Any CPU
		{AEAD4073-4DA1-4190-A65A-19F4595716F8}.Debug|Any CPU.Build.0 = Debug|Any CPU
		{AEAD4073-4DA1-4190-A65A-19F4595716F8}.Release|Any CPU.ActiveCfg = Release|Any CPU
		{AEAD4073-4DA1-4190-A65A-19F4595716F8}.Release|Any CPU.Build.0 = Release|Any CPU
		{A38D2BE6-FBB8-4BE2-8955-DCCA3F35D25B}.Debug|Any CPU.ActiveCfg = Debug|Any CPU
		{A38D2BE6-FBB8-4BE2-8955-DCCA3F35D25B}.Debug|Any CPU.Build.0 = Debug|Any CPU
		{A38D2BE6-FBB8-4BE2-8955-DCCA3F35D25B}.Release|Any CPU.ActiveCfg = Release|Any CPU
		{A38D2BE6-FBB8-4BE2-8955-DCCA3F35D25B}.Release|Any CPU.Build.0 = Release|Any CPU
		{F95649D5-D251-45D6-922A-614D81A7A133}.Debug|Any CPU.ActiveCfg = Debug|Any CPU
		{F95649D5-D251-45D6-922A-614D81A7A133}.Debug|Any CPU.Build.0 = Debug|Any CPU
		{F95649D5-D251-45D6-922A-614D81A7A133}.Release|Any CPU.ActiveCfg = Release|Any CPU
		{F95649D5-D251-45D6-922A-614D81A7A133}.Release|Any CPU.Build.0 = Release|Any CPU
		{95C50D8A-7216-457F-9857-1686B0C6831C}.Debug|Any CPU.ActiveCfg = Debug|Any CPU
		{95C50D8A-7216-457F-9857-1686B0C6831C}.Debug|Any CPU.Build.0 = Debug|Any CPU
		{95C50D8A-7216-457F-9857-1686B0C6831C}.Release|Any CPU.ActiveCfg = Release|Any CPU
		{95C50D8A-7216-457F-9857-1686B0C6831C}.Release|Any CPU.Build.0 = Release|Any CPU
		{82CC2B78-769D-40CB-A7C8-EEDCEAFAFA9F}.Debug|Any CPU.ActiveCfg = Debug|Any CPU
		{82CC2B78-769D-40CB-A7C8-EEDCEAFAFA9F}.Debug|Any CPU.Build.0 = Debug|Any CPU
		{82CC2B78-769D-40CB-A7C8-EEDCEAFAFA9F}.Release|Any CPU.ActiveCfg = Release|Any CPU
		{82CC2B78-769D-40CB-A7C8-EEDCEAFAFA9F}.Release|Any CPU.Build.0 = Release|Any CPU
		{2D86D630-3D0B-48AA-85FB-658EE306D69D}.Debug|Any CPU.ActiveCfg = Debug|Any CPU
		{2D86D630-3D0B-48AA-85FB-658EE306D69D}.Debug|Any CPU.Build.0 = Debug|Any CPU
		{2D86D630-3D0B-48AA-85FB-658EE306D69D}.Release|Any CPU.ActiveCfg = Release|Any CPU
		{2D86D630-3D0B-48AA-85FB-658EE306D69D}.Release|Any CPU.Build.0 = Release|Any CPU
		{7662924B-77B8-4023-AE96-3434804E9691}.Debug|Any CPU.ActiveCfg = Debug|Any CPU
		{7662924B-77B8-4023-AE96-3434804E9691}.Debug|Any CPU.Build.0 = Debug|Any CPU
		{7662924B-77B8-4023-AE96-3434804E9691}.Release|Any CPU.ActiveCfg = Release|Any CPU
		{7662924B-77B8-4023-AE96-3434804E9691}.Release|Any CPU.Build.0 = Release|Any CPU
		{CD46C41D-1595-46AD-ADE0-9071C307EFF6}.Debug|Any CPU.ActiveCfg = Debug|Any CPU
		{CD46C41D-1595-46AD-ADE0-9071C307EFF6}.Debug|Any CPU.Build.0 = Debug|Any CPU
		{CD46C41D-1595-46AD-ADE0-9071C307EFF6}.Release|Any CPU.ActiveCfg = Release|Any CPU
		{CD46C41D-1595-46AD-ADE0-9071C307EFF6}.Release|Any CPU.Build.0 = Release|Any CPU
		{123E5F23-0621-4F71-A2B9-58F62A8727B1}.Debug|Any CPU.ActiveCfg = Debug|Any CPU
		{123E5F23-0621-4F71-A2B9-58F62A8727B1}.Debug|Any CPU.Build.0 = Debug|Any CPU
		{123E5F23-0621-4F71-A2B9-58F62A8727B1}.Release|Any CPU.ActiveCfg = Release|Any CPU
		{123E5F23-0621-4F71-A2B9-58F62A8727B1}.Release|Any CPU.Build.0 = Release|Any CPU
		{8D4CA1CE-961F-40EB-8A48-4E46AE6A295F}.Debug|Any CPU.ActiveCfg = Debug|Any CPU
		{8D4CA1CE-961F-40EB-8A48-4E46AE6A295F}.Debug|Any CPU.Build.0 = Debug|Any CPU
		{8D4CA1CE-961F-40EB-8A48-4E46AE6A295F}.Release|Any CPU.ActiveCfg = Release|Any CPU
		{8D4CA1CE-961F-40EB-8A48-4E46AE6A295F}.Release|Any CPU.Build.0 = Release|Any CPU
		{7A58C411-1B71-4A3E-9F73-2DD854BB9851}.Debug|Any CPU.ActiveCfg = Debug|Any CPU
		{7A58C411-1B71-4A3E-9F73-2DD854BB9851}.Debug|Any CPU.Build.0 = Debug|Any CPU
		{7A58C411-1B71-4A3E-9F73-2DD854BB9851}.Release|Any CPU.ActiveCfg = Release|Any CPU
		{7A58C411-1B71-4A3E-9F73-2DD854BB9851}.Release|Any CPU.Build.0 = Release|Any CPU
		{0DAEE6DB-5A15-4147-AF80-F8DA6A2A600A}.Debug|Any CPU.ActiveCfg = Debug|Any CPU
		{0DAEE6DB-5A15-4147-AF80-F8DA6A2A600A}.Debug|Any CPU.Build.0 = Debug|Any CPU
		{0DAEE6DB-5A15-4147-AF80-F8DA6A2A600A}.Release|Any CPU.ActiveCfg = Release|Any CPU
		{0DAEE6DB-5A15-4147-AF80-F8DA6A2A600A}.Release|Any CPU.Build.0 = Release|Any CPU
		{6C1A5D68-2669-45D9-A347-2D1EE6D37583}.Debug|Any CPU.ActiveCfg = Debug|Any CPU
		{6C1A5D68-2669-45D9-A347-2D1EE6D37583}.Debug|Any CPU.Build.0 = Debug|Any CPU
		{6C1A5D68-2669-45D9-A347-2D1EE6D37583}.Release|Any CPU.ActiveCfg = Release|Any CPU
		{6C1A5D68-2669-45D9-A347-2D1EE6D37583}.Release|Any CPU.Build.0 = Release|Any CPU
		{B64A74B9-38D9-45BC-B8A4-74AEAD2B64E1}.Debug|Any CPU.ActiveCfg = Debug|Any CPU
		{B64A74B9-38D9-45BC-B8A4-74AEAD2B64E1}.Debug|Any CPU.Build.0 = Debug|Any CPU
		{B64A74B9-38D9-45BC-B8A4-74AEAD2B64E1}.Release|Any CPU.ActiveCfg = Release|Any CPU
		{B64A74B9-38D9-45BC-B8A4-74AEAD2B64E1}.Release|Any CPU.Build.0 = Release|Any CPU
	EndGlobalSection
	GlobalSection(SolutionProperties) = preSolution
		HideSolutionNode = FALSE
	EndGlobalSection
	GlobalSection(NestedProjects) = preSolution
		{D0798F79-2219-4470-AB6B-52B7F0948BFE} = {68B55D26-4BC1-4F26-8789-8B9FE388D1A7}
		{4F359529-4AC0-4BA5-AE29-E8AB6D187116} = {783C3CF3-19CA-4E23-AEF7-1457C9FA7E0F}
		{2B0321C0-41B0-4203-9E1C-4866CFDFAC2C} = {783C3CF3-19CA-4E23-AEF7-1457C9FA7E0F}
		{61850615-295D-4CE0-8FC6-18C902C4EAD6} = {783C3CF3-19CA-4E23-AEF7-1457C9FA7E0F}
		{D5D936BD-3820-434A-A67E-F2DBB2177136} = {783C3CF3-19CA-4E23-AEF7-1457C9FA7E0F}
		{73F9166E-9740-4E34-A7D3-1C684B50C41E} = {72DAF7F2-7803-468E-97DC-65CE93B7E08B}
		{86ACA843-1324-4CE2-A19D-075FA73EF1FB} = {72DAF7F2-7803-468E-97DC-65CE93B7E08B}
		{F95042A8-0502-4150-899D-E479DED004BD} = {72DAF7F2-7803-468E-97DC-65CE93B7E08B}
		{4B76ACB7-6E4D-4B13-95A7-783D29D450A0} = {72DAF7F2-7803-468E-97DC-65CE93B7E08B}
		{231B9F04-0455-4821-B22E-DEC31C122BA0} = {72DAF7F2-7803-468E-97DC-65CE93B7E08B}
		{36CAC311-7490-459B-B082-4EDC9F5D955B} = {72DAF7F2-7803-468E-97DC-65CE93B7E08B}
		{ABF7AF48-9F3E-4E9C-ACAE-34A14ED51641} = {EFC285B7-0758-42BB-990A-1A72C52A0E77}
		{E270D1C7-994B-44A4-ABF0-AEA2B10E10FA} = {EFC285B7-0758-42BB-990A-1A72C52A0E77}
		{A203C6A4-8C24-419D-AE5E-9B1E3935EDE5} = {EFC285B7-0758-42BB-990A-1A72C52A0E77}
		{EEC6AE97-1498-47BC-9AB4-89FCF38D6EDD} = {C82E6D7F-6632-446C-8551-6144BCD216D2}
		{E1F0E622-0899-42FB-830E-5EAAF5664DAC} = {C82E6D7F-6632-446C-8551-6144BCD216D2}
		{135CB32D-4C89-4B05-AF85-5C686D2C466B} = {C82E6D7F-6632-446C-8551-6144BCD216D2}
		{7C7C0CBE-B0AF-4E69-A789-B0E5D327EB50} = {C82E6D7F-6632-446C-8551-6144BCD216D2}
		{7B55FF51-E898-4885-B92B-53313FA95578} = {BCD6F1E9-F26F-4872-A1D8-63650F15817A}
		{41953E1F-7E27-4E18-9087-B67FF1E0B005} = {BCD6F1E9-F26F-4872-A1D8-63650F15817A}
		{727AAC88-7E35-4FA6-A679-198624AB70AC} = {8278E5AD-D0F5-44B6-94CF-EBE065BA5336}
		{37911C89-C577-4C4A-8C1E-9F1BD8AE7BC1} = {DB7D3079-1261-4389-99FC-791DB859674D}
		{A82BCAA3-9DF6-43BB-9FAE-BA9BD988D941} = {DB7D3079-1261-4389-99FC-791DB859674D}
		{8A72B16B-6711-4648-9D3A-DB4AEDEC2E6C} = {829872C2-7C6C-4A8B-998C-F126EFB490EA}
		{0888F311-B0B9-40BC-AC96-D425E2B1B791} = {30F312ED-C7A7-4B4A-8DB9-7EB505CD9106}
		{4CE7B5CF-F9FD-4474-90DA-5F01C9490CDB} = {036B19F9-2873-489A-A2E1-E16BF386555B}
		{D55746A0-F5AA-4603-94A2-0CEC8868379D} = {036B19F9-2873-489A-A2E1-E16BF386555B}
		{D851D90F-31B6-4F1E-AE19-F6790542A57A} = {036B19F9-2873-489A-A2E1-E16BF386555B}
		{7B9991D3-506C-46B0-8255-DF5469894D27} = {036B19F9-2873-489A-A2E1-E16BF386555B}
		{DAD810CA-39C2-49B2-A5FB-EAA2D15E71D9} = {036B19F9-2873-489A-A2E1-E16BF386555B}
		{17AFC755-875F-415B-89C8-72CF3733802E} = {036B19F9-2873-489A-A2E1-E16BF386555B}
		{9BE1DAEE-5F7C-4DBC-AAD1-57F6E6896DB5} = {036B19F9-2873-489A-A2E1-E16BF386555B}
		{B9B31AEB-BD56-4C29-A511-A6EEA4E72C2F} = {036B19F9-2873-489A-A2E1-E16BF386555B}
		{A6CA1B94-C5ED-4826-93BA-DE6058FE9E56} = {036B19F9-2873-489A-A2E1-E16BF386555B}
		{71D6D4DE-5554-4BA1-9C08-6F5D075C6CD2} = {036B19F9-2873-489A-A2E1-E16BF386555B}
		{BE4D6A63-C3F1-4919-86CC-A6F28615299A} = {036B19F9-2873-489A-A2E1-E16BF386555B}
		{C284100F-C2A0-4664-9E77-66FDAEDE860C} = {036B19F9-2873-489A-A2E1-E16BF386555B}
		{8F1C62F9-B7C2-421B-908E-178ACEAC89D9} = {036B19F9-2873-489A-A2E1-E16BF386555B}
		{191C8640-7C4C-4FD1-9483-345F68C088E5} = {036B19F9-2873-489A-A2E1-E16BF386555B}
		{C527FBC2-FE32-47A8-93EF-F5A5AEE01D1D} = {B338F956-C821-4125-82BD-4A2AFAA18DA3}
		{5E847FAA-60C2-4874-9D6C-70555AD728A9} = {B338F956-C821-4125-82BD-4A2AFAA18DA3}
		{03E63E96-3368-4045-A773-EDC5F27B3E70} = {B338F956-C821-4125-82BD-4A2AFAA18DA3}
		{03D24F83-AB4A-495A-AE9D-490D58B842F8} = {B338F956-C821-4125-82BD-4A2AFAA18DA3}
		{8044A338-EB59-4EBD-96FD-FEE90EB9F5D1} = {B338F956-C821-4125-82BD-4A2AFAA18DA3}
		{4684C8A1-4BC1-4BCC-9762-0C7BE83CD0BC} = {B338F956-C821-4125-82BD-4A2AFAA18DA3}
		{8B739DFC-4EA8-4AE3-9A52-C5F35D6EC8A2} = {B338F956-C821-4125-82BD-4A2AFAA18DA3}
		{26B7E2B3-0A5D-48DB-A317-C21C6136A099} = {B338F956-C821-4125-82BD-4A2AFAA18DA3}
		{F284CAB6-920C-44FF-9485-7F5A2FDB440A} = {B338F956-C821-4125-82BD-4A2AFAA18DA3}
		{AEAD4073-4DA1-4190-A65A-19F4595716F8} = {9CE06B23-17EC-48D8-A1F9-60D7F39BC82E}
		{A38D2BE6-FBB8-4BE2-8955-DCCA3F35D25B} = {D51D8357-CB54-4042-BFA4-10650ED84902}
		{F95649D5-D251-45D6-922A-614D81A7A133} = {D51D8357-CB54-4042-BFA4-10650ED84902}
		{95C50D8A-7216-457F-9857-1686B0C6831C} = {D51D8357-CB54-4042-BFA4-10650ED84902}
		{82CC2B78-769D-40CB-A7C8-EEDCEAFAFA9F} = {D51D8357-CB54-4042-BFA4-10650ED84902}
		{2D86D630-3D0B-48AA-85FB-658EE306D69D} = {EFDF128D-EB97-493E-8DB3-D6F41D4D9AB3}
		{7662924B-77B8-4023-AE96-3434804E9691} = {EFDF128D-EB97-493E-8DB3-D6F41D4D9AB3}
		{CD46C41D-1595-46AD-ADE0-9071C307EFF6} = {EFDF128D-EB97-493E-8DB3-D6F41D4D9AB3}
		{123E5F23-0621-4F71-A2B9-58F62A8727B1} = {EFDF128D-EB97-493E-8DB3-D6F41D4D9AB3}
		{8D4CA1CE-961F-40EB-8A48-4E46AE6A295F} = {22A6BE9A-CD0F-40F4-A21F-45C3AD546195}
		{7A58C411-1B71-4A3E-9F73-2DD854BB9851} = {22A6BE9A-CD0F-40F4-A21F-45C3AD546195}
		{0DAEE6DB-5A15-4147-AF80-F8DA6A2A600A} = {22A6BE9A-CD0F-40F4-A21F-45C3AD546195}
		{6C1A5D68-2669-45D9-A347-2D1EE6D37583} = {68B55D26-4BC1-4F26-8789-8B9FE388D1A7}
		{B64A74B9-38D9-45BC-B8A4-74AEAD2B64E1} = {22A6BE9A-CD0F-40F4-A21F-45C3AD546195}
	EndGlobalSection
	GlobalSection(ExtensibilityGlobals) = postSolution
		SolutionGuid = {B668CF87-C62A-40AB-AB47-DEAED06265E3}
	EndGlobalSection
EndGlobal
